
Microsoft Visual Studio Solution File, Format Version 12.00
# Visual Studio Version 17
VisualStudioVersion = 17.13.35919.96
MinimumVisualStudioVersion = 10.0.40219.1
Project("{8BC9CEB8-8B4A-11D0-8D11-00A0C91BC942}") = "semantics", "semantics\semantics.vcxproj", "{DA58FDCB-CC3E-4B97-920D-49131472F275}"
	ProjectSection(ProjectDependencies) = postProject
		{F882B8D0-1A48-4BD7-8559-8C63E540BD68} = {F882B8D0-1A48-4BD7-8559-8C63E540BD68}
	EndProjectSection
EndProject
Project("{8BC9CEB8-8B4A-11D0-8D11-00A0C91BC942}") = "emulator", "emulator\emulator.vcxproj", "{377929F2-7380-4359-889E-D7C223D040E4}"
	ProjectSection(ProjectDependencies) = postProject
		{DA58FDCB-CC3E-4B97-920D-49131472F275} = {DA58FDCB-CC3E-4B97-920D-49131472F275}
		{F882B8D0-1A48-4BD7-8559-8C63E540BD68} = {F882B8D0-1A48-4BD7-8559-8C63E540BD68}
	EndProjectSection
EndProject
Project("{8BC9CEB8-8B4A-11D0-8D11-00A0C91BC942}") = "shared", "shared\shared.vcxproj", "{F882B8D0-1A48-4BD7-8559-8C63E540BD68}"
EndProject
Project("{8BC9CEB8-8B4A-11D0-8D11-00A0C91BC942}") = "kubera_tests", "kubera_tests\kubera_tests.vcxproj", "{FC21FB0C-1048-4F3A-B762-59C785EAB761}"
	ProjectSection(ProjectDependencies) = postProject
		{377929F2-7380-4359-889E-D7C223D040E4} = {377929F2-7380-4359-889E-D7C223D040E4}
		{DA58FDCB-CC3E-4B97-920D-49131472F275} = {DA58FDCB-CC3E-4B97-920D-49131472F275}
		{F882B8D0-1A48-4BD7-8559-8C63E540BD68} = {F882B8D0-1A48-4BD7-8559-8C63E540BD68}
	EndProjectSection
EndProject
Project("{8BC9CEB8-8B4A-11D0-8D11-00A0C91BC942}") = "exception_tests", "exception_tests\exception_tests.vcxproj", "{DF34A047-D142-4D77-BBDC-EB7D4349C4EE}"
	ProjectSection(ProjectDependencies) = postProject
		{377929F2-7380-4359-889E-D7C223D040E4} = {377929F2-7380-4359-889E-D7C223D040E4}
		{DA58FDCB-CC3E-4B97-920D-49131472F275} = {DA58FDCB-CC3E-4B97-920D-49131472F275}
		{F882B8D0-1A48-4BD7-8559-8C63E540BD68} = {F882B8D0-1A48-4BD7-8559-8C63E540BD68}
	EndProjectSection
EndProject
Project("{8BC9CEB8-8B4A-11D0-8D11-00A0C91BC942}") = "dll_minimal", "dll_minimal\dll_minimal.vcxproj", "{4C9A92CA-125C-48B0-9E44-830FBB978258}"
	ProjectSection(ProjectDependencies) = postProject
		{377929F2-7380-4359-889E-D7C223D040E4} = {377929F2-7380-4359-889E-D7C223D040E4}
		{DA58FDCB-CC3E-4B97-920D-49131472F275} = {DA58FDCB-CC3E-4B97-920D-49131472F275}
		{F882B8D0-1A48-4BD7-8559-8C63E540BD68} = {F882B8D0-1A48-4BD7-8559-8C63E540BD68}
	EndProjectSection
EndProject
Project("{8BC9CEB8-8B4A-11D0-8D11-00A0C91BC942}") = "module_loader", "module_loader\module_loader.vcxproj", "{5AF09D5D-2A22-4EC9-B7E7-27A33B83D9E7}"
EndProject
Project("{8BC9CEB8-8B4A-11D0-8D11-00A0C91BC942}") = "windows-compat-layer", "windows-compat-layer\windows-compat-layer.vcxproj", "{EBD33F2F-6800-44A7-A6D2-23A499275960}"
EndProject
Global
	GlobalSection(SolutionConfigurationPlatforms) = preSolution
		Debug|x64 = Debug|x64
		Debug|x86 = Debug|x86
		Release|x64 = Release|x64
		Release|x86 = Release|x86
	EndGlobalSection
	GlobalSection(ProjectConfigurationPlatforms) = postSolution
		{DA58FDCB-CC3E-4B97-920D-49131472F275}.Debug|x64.ActiveCfg = Debug|x64
		{DA58FDCB-CC3E-4B97-920D-49131472F275}.Debug|x64.Build.0 = Debug|x64
		{DA58FDCB-CC3E-4B97-920D-49131472F275}.Debug|x86.ActiveCfg = Debug|Win32
		{DA58FDCB-CC3E-4B97-920D-49131472F275}.Debug|x86.Build.0 = Debug|Win32
		{DA58FDCB-CC3E-4B97-920D-49131472F275}.Release|x64.ActiveCfg = Release|x64
		{DA58FDCB-CC3E-4B97-920D-49131472F275}.Release|x64.Build.0 = Release|x64
		{DA58FDCB-CC3E-4B97-920D-49131472F275}.Release|x86.ActiveCfg = Release|Win32
		{DA58FDCB-CC3E-4B97-920D-49131472F275}.Release|x86.Build.0 = Release|Win32
		{377929F2-7380-4359-889E-D7C223D040E4}.Debug|x64.ActiveCfg = Debug|x64
		{377929F2-7380-4359-889E-D7C223D040E4}.Debug|x64.Build.0 = Debug|x64
		{377929F2-7380-4359-889E-D7C223D040E4}.Debug|x86.ActiveCfg = Debug|Win32
		{377929F2-7380-4359-889E-D7C223D040E4}.Debug|x86.Build.0 = Debug|Win32
		{377929F2-7380-4359-889E-D7C223D040E4}.Release|x64.ActiveCfg = Release|x64
		{377929F2-7380-4359-889E-D7C223D040E4}.Release|x64.Build.0 = Release|x64
		{377929F2-7380-4359-889E-D7C223D040E4}.Release|x86.ActiveCfg = Release|Win32
		{377929F2-7380-4359-889E-D7C223D040E4}.Release|x86.Build.0 = Release|Win32
		{F882B8D0-1A48-4BD7-8559-8C63E540BD68}.Debug|x64.ActiveCfg = Debug|x64
		{F882B8D0-1A48-4BD7-8559-8C63E540BD68}.Debug|x64.Build.0 = Debug|x64
		{F882B8D0-1A48-4BD7-8559-8C63E540BD68}.Debug|x86.ActiveCfg = Debug|Win32
		{F882B8D0-1A48-4BD7-8559-8C63E540BD68}.Debug|x86.Build.0 = Debug|Win32
		{F882B8D0-1A48-4BD7-8559-8C63E540BD68}.Release|x64.ActiveCfg = Release|x64
		{F882B8D0-1A48-4BD7-8559-8C63E540BD68}.Release|x64.Build.0 = Release|x64
		{F882B8D0-1A48-4BD7-8559-8C63E540BD68}.Release|x86.ActiveCfg = Release|Win32
		{F882B8D0-1A48-4BD7-8559-8C63E540BD68}.Release|x86.Build.0 = Release|Win32
		{FC21FB0C-1048-4F3A-B762-59C785EAB761}.Debug|x64.ActiveCfg = Debug|x64
		{FC21FB0C-1048-4F3A-B762-59C785EAB761}.Debug|x64.Build.0 = Debug|x64
		{FC21FB0C-1048-4F3A-B762-59C785EAB761}.Debug|x86.ActiveCfg = Debug|Win32
		{FC21FB0C-1048-4F3A-B762-59C785EAB761}.Debug|x86.Build.0 = Debug|Win32
		{FC21FB0C-1048-4F3A-B762-59C785EAB761}.Release|x64.ActiveCfg = Release|x64
		{FC21FB0C-1048-4F3A-B762-59C785EAB761}.Release|x64.Build.0 = Release|x64
		{FC21FB0C-1048-4F3A-B762-59C785EAB761}.Release|x86.ActiveCfg = Release|Win32
		{FC21FB0C-1048-4F3A-B762-59C785EAB761}.Release|x86.Build.0 = Release|Win32
		{DF34A047-D142-4D77-BBDC-EB7D4349C4EE}.Debug|x64.ActiveCfg = Debug|x64
		{DF34A047-D142-4D77-BBDC-EB7D4349C4EE}.Debug|x64.Build.0 = Debug|x64
		{DF34A047-D142-4D77-BBDC-EB7D4349C4EE}.Debug|x86.ActiveCfg = Debug|Win32
		{DF34A047-D142-4D77-BBDC-EB7D4349C4EE}.Debug|x86.Build.0 = Debug|Win32
		{DF34A047-D142-4D77-BBDC-EB7D4349C4EE}.Release|x64.ActiveCfg = Release|x64
		{DF34A047-D142-4D77-BBDC-EB7D4349C4EE}.Release|x64.Build.0 = Release|x64
		{DF34A047-D142-4D77-BBDC-EB7D4349C4EE}.Release|x86.ActiveCfg = Release|Win32
		{DF34A047-D142-4D77-BBDC-EB7D4349C4EE}.Release|x86.Build.0 = Release|Win32
		{4C9A92CA-125C-48B0-9E44-830FBB978258}.Debug|x64.ActiveCfg = Debug|x64
		{4C9A92CA-125C-48B0-9E44-830FBB978258}.Debug|x64.Build.0 = Debug|x64
		{4C9A92CA-125C-48B0-9E44-830FBB978258}.Debug|x86.ActiveCfg = Debug|Win32
		{4C9A92CA-125C-48B0-9E44-830FBB978258}.Debug|x86.Build.0 = Debug|Win32
		{4C9A92CA-125C-48B0-9E44-830FBB978258}.Release|x64.ActiveCfg = Release|x64
		{4C9A92CA-125C-48B0-9E44-830FBB978258}.Release|x64.Build.0 = Release|x64
		{4C9A92CA-125C-48B0-9E44-830FBB978258}.Release|x86.ActiveCfg = Release|Win32
		{4C9A92CA-125C-48B0-9E44-830FBB978258}.Release|x86.Build.0 = Release|Win32
		{5AF09D5D-2A22-4EC9-B7E7-27A33B83D9E7}.Debug|x64.ActiveCfg = Debug|x64
		{5AF09D5D-2A22-4EC9-B7E7-27A33B83D9E7}.Debug|x64.Build.0 = Debug|x64
		{5AF09D5D-2A22-4EC9-B7E7-27A33B83D9E7}.Debug|x86.ActiveCfg = Debug|Win32
		{5AF09D5D-2A22-4EC9-B7E7-27A33B83D9E7}.Debug|x86.Build.0 = Debug|Win32
		{5AF09D5D-2A22-4EC9-B7E7-27A33B83D9E7}.Release|x64.ActiveCfg = Release|x64
		{5AF09D5D-2A22-4EC9-B7E7-27A33B83D9E7}.Release|x64.Build.0 = Release|x64
		{5AF09D5D-2A22-4EC9-B7E7-27A33B83D9E7}.Release|x86.ActiveCfg = Release|Win32
		{5AF09D5D-2A22-4EC9-B7E7-27A33B83D9E7}.Release|x86.Build.0 = Release|Win32
		{EBD33F2F-6800-44A7-A6D2-23A499275960}.Debug|x64.ActiveCfg = Debug|x64
		{EBD33F2F-6800-44A7-A6D2-23A499275960}.Debug|x64.Build.0 = Debug|x64
		{EBD33F2F-6800-44A7-A6D2-23A499275960}.Debug|x86.ActiveCfg = Debug|Win32
		{EBD33F2F-6800-44A7-A6D2-23A499275960}.Debug|x86.Build.0 = Debug|Win32
		{EBD33F2F-6800-44A7-A6D2-23A499275960}.Release|x64.ActiveCfg = Release|x64
		{EBD33F2F-6800-44A7-A6D2-23A499275960}.Release|x64.Build.0 = Release|x64
		{EBD33F2F-6800-44A7-A6D2-23A499275960}.Release|x86.ActiveCfg = Release|Win32
		{EBD33F2F-6800-44A7-A6D2-23A499275960}.Release|x86.Build.0 = Release|Win32
	EndGlobalSection
	GlobalSection(SolutionProperties) = preSolution
		HideSolutionNode = FALSE
	EndGlobalSection
	GlobalSection(ExtensibilityGlobals) = postSolution
		SolutionGuid = {B44430A7-181C-4956-A636-16A4D5BA1B6D}
	EndGlobalSection
EndGlobal
